# This file is automatically @generated by Cargo.
# It is not intended for manual editing.
version = 3

[[package]]
name = "cami"
version = "0.0.2"
dependencies = [
 "cami-helpers",
]

[[package]]
name = "cami-helpers"
version = "0.0.1"

[[package]]
name = "cami-tests"
version = "0.1.0"
dependencies = [
 "cami",
]
